
Microsoft Visual Studio Solution File, Format Version 12.00
# Visual Studio Version 16
VisualStudioVersion = 16.0.29519.161
MinimumVisualStudioVersion = 10.0.40219.1
Project("{9A19103F-16F7-4668-BE54-9A1E7A4F7556}") = "Daem0n.WeChat", "Daem0n.WeChat\Daem0n.WeChat.csproj", "{72DF139F-8A4B-484D-AD1A-CC6E40D4B217}"
EndProject
Project("{FAE04EC0-301F-11D3-BF4B-00C04F79EFBC}") = "Daem0n.WeChat.Handlers", "Daem0n.WeChat.Handlers\Daem0n.WeChat.Handlers.csproj", "{7B6DDD6C-9088-4E27-ACA4-3E662236DCD9}"
EndProject
Global
	GlobalSection(SolutionConfigurationPlatforms) = preSolution
		Debug|Any CPU = Debug|Any CPU
		Release|Any CPU = Release|Any CPU
	EndGlobalSection
	GlobalSection(ProjectConfigurationPlatforms) = postSolution
		{72DF139F-8A4B-484D-AD1A-CC6E40D4B217}.Debug|Any CPU.ActiveCfg = Debug|Any CPU
		{72DF139F-8A4B-484D-AD1A-CC6E40D4B217}.Debug|Any CPU.Build.0 = Debug|Any CPU
		{72DF139F-8A4B-484D-AD1A-CC6E40D4B217}.Release|Any CPU.ActiveCfg = Release|Any CPU
		{72DF139F-8A4B-484D-AD1A-CC6E40D4B217}.Release|Any CPU.Build.0 = Release|Any CPU
		{7B6DDD6C-9088-4E27-ACA4-3E662236DCD9}.Debug|Any CPU.ActiveCfg = Debug|Any CPU
		{7B6DDD6C-9088-4E27-ACA4-3E662236DCD9}.Debug|Any CPU.Build.0 = Debug|Any CPU
		{7B6DDD6C-9088-4E27-ACA4-3E662236DCD9}.Release|Any CPU.ActiveCfg = Release|Any CPU
		{7B6DDD6C-9088-4E27-ACA4-3E662236DCD9}.Release|Any CPU.Build.0 = Release|Any CPU
	EndGlobalSection
	GlobalSection(SolutionProperties) = preSolution
		HideSolutionNode = FALSE
	EndGlobalSection
	GlobalSection(ExtensibilityGlobals) = postSolution
		SolutionGuid = {C06CE5F7-990C-4260-AB90-3E34ADAF625E}
	EndGlobalSection
EndGlobal
